
Microsoft Visual Studio Solution File, Format Version 12.00
# Visual Studio Version 17
VisualStudioVersion = 17.10.34916.146
MinimumVisualStudioVersion = 10.0.40219.1
Project("{FAE04EC0-301F-11D3-BF4B-00C04F79EFBC}") = "AspNetCore8Day4", "AspNetCore8Day4\AspNetCore8Day4.csproj", "{126D3E00-7947-4FE6-8776-9BF13DE7E99C}"
EndProject
Global
	GlobalSection(SolutionConfigurationPlatforms) = preSolution
		Debug|Any CPU = Debug|Any CPU
		Release|Any CPU = Release|Any CPU
	EndGlobalSection
	GlobalSection(ProjectConfigurationPlatforms) = postSolution
		{126D3E00-7947-4FE6-8776-9BF13DE7E99C}.Debug|Any CPU.ActiveCfg = Debug|Any CPU
		{126D3E00-7947-4FE6-8776-9BF13DE7E99C}.Debug|Any CPU.Build.0 = Debug|Any CPU
		{126D3E00-7947-4FE6-8776-9BF13DE7E99C}.Release|Any CPU.ActiveCfg = Release|Any CPU
		{126D3E00-7947-4FE6-8776-9BF13DE7E99C}.Release|Any CPU.Build.0 = Release|Any CPU
	EndGlobalSection
	GlobalSection(SolutionProperties) = preSolution
		HideSolutionNode = FALSE
	EndGlobalSection
	GlobalSection(ExtensibilityGlobals) = postSolution
		SolutionGuid = {0E32C1D6-BB89-4DDC-BFE8-BF1961A5C0CE}
	EndGlobalSection
EndGlobal
